
Microsoft Visual Studio Solution File, Format Version 12.00
# Visual Studio Version 17
VisualStudioVersion = 17.1.32210.238
MinimumVisualStudioVersion = 10.0.40219.1
Project("{9A19103F-16F7-4668-BE54-9A1E7A4F7556}") = "UWF", "UWF\UWF.csproj", "{8A8E4D86-D931-43D4-B30F-B944394B4EAA}"
EndProject
Global
	GlobalSection(SolutionConfigurationPlatforms) = preSolution
		Debug|Any CPU = Debug|Any CPU
		Release|Any CPU = Release|Any CPU
	EndGlobalSection
	GlobalSection(ProjectConfigurationPlatforms) = postSolution
		{8A8E4D86-D931-43D4-B30F-B944394B4EAA}.Debug|Any CPU.ActiveCfg = Debug|Any CPU
		{8A8E4D86-D931-43D4-B30F-B944394B4EAA}.Debug|Any CPU.Build.0 = Debug|Any CPU
		{8A8E4D86-D931-43D4-B30F-B944394B4EAA}.Release|Any CPU.ActiveCfg = Release|Any CPU
		{8A8E4D86-D931-43D4-B30F-B944394B4EAA}.Release|Any CPU.Build.0 = Release|Any CPU
	EndGlobalSection
	GlobalSection(SolutionProperties) = preSolution
		HideSolutionNode = FALSE
	EndGlobalSection
	GlobalSection(ExtensibilityGlobals) = postSolution
		SolutionGuid = {C6C51397-0951-43DC-AA77-C00030FCBAD1}
	EndGlobalSection
EndGlobal
